
Microsoft Visual Studio Solution File, Format Version 12.00
# Visual Studio Version 16
VisualStudioVersion = 16.0.32126.315
MinimumVisualStudioVersion = 10.0.40219.1
Project("{FAE04EC0-301F-11D3-BF4B-00C04F79EFBC}") = "ASP.NET_Truckers", "ASP.NET_Truckers.csproj", "{685CAA61-CE67-4C98-B53B-1B1944801C6D}"
EndProject
Global
	GlobalSection(SolutionConfigurationPlatforms) = preSolution
		Debug|Any CPU = Debug|Any CPU
		Release|Any CPU = Release|Any CPU
	EndGlobalSection
	GlobalSection(ProjectConfigurationPlatforms) = postSolution
		{685CAA61-CE67-4C98-B53B-1B1944801C6D}.Debug|Any CPU.ActiveCfg = Debug|Any CPU
		{685CAA61-CE67-4C98-B53B-1B1944801C6D}.Debug|Any CPU.Build.0 = Debug|Any CPU
		{685CAA61-CE67-4C98-B53B-1B1944801C6D}.Release|Any CPU.ActiveCfg = Release|Any CPU
		{685CAA61-CE67-4C98-B53B-1B1944801C6D}.Release|Any CPU.Build.0 = Release|Any CPU
	EndGlobalSection
	GlobalSection(SolutionProperties) = preSolution
		HideSolutionNode = FALSE
	EndGlobalSection
	GlobalSection(ExtensibilityGlobals) = postSolution
		SolutionGuid = {2A058D08-DBA3-44FB-A10F-9269A47CA25C}
	EndGlobalSection
EndGlobal
